
Microsoft Visual Studio Solution File, Format Version 12.00
# Visual Studio Version 17
VisualStudioVersion = 17.0.31903.59
Project("{FAE04EC0-301F-11D3-BF4B-00C04F79EFBC}") = "JaAddress.Domain", "src\JaAddress.Domain\JaAddress.Domain.csproj", "{A1000001-0000-0000-0000-000000000001}"
EndProject
Project("{FAE04EC0-301F-11D3-BF4B-00C04F79EFBC}") = "JaAddress.DataBuilder", "src\JaAddress.DataBuilder\JaAddress.DataBuilder.csproj", "{A1000002-0000-0000-0000-000000000002}"
EndProject
Project("{2150E333-8FDC-42A3-9474-1A3956D46DE8}") = "src", "src", "{827E0CD3-B72D-47B6-A68D-7590B98EB39B}"
EndProject
Project("{FAE04EC0-301F-11D3-BF4B-00C04F79EFBC}") = "JaAddress.Application", "src\JaAddress.Application\JaAddress.Application.csproj", "{5D21359D-E045-4654-8DEA-ABC185E43773}"
EndProject
Project("{FAE04EC0-301F-11D3-BF4B-00C04F79EFBC}") = "JaAddress.Infrastructure", "src\JaAddress.Infrastructure\JaAddress.Infrastructure.csproj", "{4D07186C-D3B1-4EDE-869D-BDFF92CA04A6}"
EndProject
Project("{FAE04EC0-301F-11D3-BF4B-00C04F79EFBC}") = "JaAddress.Api", "src\JaAddress.Api\JaAddress.Api.csproj", "{B4F52416-5010-4C4F-B5E3-B3ED289C42FE}"
EndProject
Project("{2150E333-8FDC-42A3-9474-1A3956D46DE8}") = "tests", "tests", "{0AB3BF05-4346-4AA6-1389-037BE0695223}"
EndProject
Project("{FAE04EC0-301F-11D3-BF4B-00C04F79EFBC}") = "JaAddress.Domain.Tests", "tests\JaAddress.Domain.Tests\JaAddress.Domain.Tests.csproj", "{2A5E0CD0-7916-42AC-A90C-E42078923EFB}"
EndProject
Project("{FAE04EC0-301F-11D3-BF4B-00C04F79EFBC}") = "JaAddress.Application.Tests", "tests\JaAddress.Application.Tests\JaAddress.Application.Tests.csproj", "{3476C21B-C59C-48E5-BDF4-8E5E0401FC88}"
EndProject
Project("{FAE04EC0-301F-11D3-BF4B-00C04F79EFBC}") = "JaAddress.Infrastructure.Tests", "tests\JaAddress.Infrastructure.Tests\JaAddress.Infrastructure.Tests.csproj", "{8F8D6F06-CA13-4696-AA4F-302540C4F7F9}"
EndProject
Project("{FAE04EC0-301F-11D3-BF4B-00C04F79EFBC}") = "JaAddress.Api.Tests", "tests\JaAddress.Api.Tests\JaAddress.Api.Tests.csproj", "{F18371AB-EF74-459A-89C5-27AD3FE5140A}"
EndProject
Project("{FAE04EC0-301F-11D3-BF4B-00C04F79EFBC}") = "JaAddress.Integration.Tests", "tests\JaAddress.Integration.Tests\JaAddress.Integration.Tests.csproj", "{DFD8A6C8-FA02-45EE-B2CC-7D2A1CF36C85}"
EndProject
Project("{FAE04EC0-301F-11D3-BF4B-00C04F79EFBC}") = "JaAddress.Core", "src\JaAddress.Core\JaAddress.Core.csproj", "{F1CFED02-48CE-41AD-852D-E16D0A284531}"
EndProject
Project("{FAE04EC0-301F-11D3-BF4B-00C04F79EFBC}") = "JaAddress.Core.Tests", "tests\JaAddress.Core.Tests\JaAddress.Core.Tests.csproj", "{23BCD7DD-08BB-4AF9-BABB-C8016E6D78F5}"
EndProject
Global
	GlobalSection(SolutionConfigurationPlatforms) = preSolution
		Debug|Any CPU = Debug|Any CPU
		Debug|x64 = Debug|x64
		Debug|x86 = Debug|x86
		Release|Any CPU = Release|Any CPU
		Release|x64 = Release|x64
		Release|x86 = Release|x86
	EndGlobalSection
	GlobalSection(ProjectConfigurationPlatforms) = postSolution
		{A1000001-0000-0000-0000-000000000001}.Debug|Any CPU.ActiveCfg = Debug|Any CPU
		{A1000001-0000-0000-0000-000000000001}.Debug|Any CPU.Build.0 = Debug|Any CPU
		{A1000001-0000-0000-0000-000000000001}.Debug|x64.ActiveCfg = Debug|Any CPU
		{A1000001-0000-0000-0000-000000000001}.Debug|x64.Build.0 = Debug|Any CPU
		{A1000001-0000-0000-0000-000000000001}.Debug|x86.ActiveCfg = Debug|Any CPU
		{A1000001-0000-0000-0000-000000000001}.Debug|x86.Build.0 = Debug|Any CPU
		{A1000001-0000-0000-0000-000000000001}.Release|Any CPU.ActiveCfg = Release|Any CPU
		{A1000001-0000-0000-0000-000000000001}.Release|Any CPU.Build.0 = Release|Any CPU
		{A1000001-0000-0000-0000-000000000001}.Release|x64.ActiveCfg = Release|Any CPU
		{A1000001-0000-0000-0000-000000000001}.Release|x64.Build.0 = Release|Any CPU
		{A1000001-0000-0000-0000-000000000001}.Release|x86.ActiveCfg = Release|Any CPU
		{A1000001-0000-0000-0000-000000000001}.Release|x86.Build.0 = Release|Any CPU
		{A1000002-0000-0000-0000-000000000002}.Debug|Any CPU.ActiveCfg = Debug|Any CPU
		{A1000002-0000-0000-0000-000000000002}.Debug|Any CPU.Build.0 = Debug|Any CPU
		{A1000002-0000-0000-0000-000000000002}.Debug|x64.ActiveCfg = Debug|Any CPU
		{A1000002-0000-0000-0000-000000000002}.Debug|x64.Build.0 = Debug|Any CPU
		{A1000002-0000-0000-0000-000000000002}.Debug|x86.ActiveCfg = Debug|Any CPU
		{A1000002-0000-0000-0000-000000000002}.Debug|x86.Build.0 = Debug|Any CPU
		{A1000002-0000-0000-0000-000000000002}.Release|Any CPU.ActiveCfg = Release|Any CPU
		{A1000002-0000-0000-0000-000000000002}.Release|Any CPU.Build.0 = Release|Any CPU
		{A1000002-0000-0000-0000-000000000002}.Release|x64.ActiveCfg = Release|Any CPU
		{A1000002-0000-0000-0000-000000000002}.Release|x64.Build.0 = Release|Any CPU
		{A1000002-0000-0000-0000-000000000002}.Release|x86.ActiveCfg = Release|Any CPU
		{A1000002-0000-0000-0000-000000000002}.Release|x86.Build.0 = Release|Any CPU
		{5D21359D-E045-4654-8DEA-ABC185E43773}.Debug|Any CPU.ActiveCfg = Debug|Any CPU
		{5D21359D-E045-4654-8DEA-ABC185E43773}.Debug|Any CPU.Build.0 = Debug|Any CPU
		{5D21359D-E045-4654-8DEA-ABC185E43773}.Debug|x64.ActiveCfg = Debug|Any CPU
		{5D21359D-E045-4654-8DEA-ABC185E43773}.Debug|x64.Build.0 = Debug|Any CPU
		{5D21359D-E045-4654-8DEA-ABC185E43773}.Debug|x86.ActiveCfg = Debug|Any CPU
		{5D21359D-E045-4654-8DEA-ABC185E43773}.Debug|x86.Build.0 = Debug|Any CPU
		{5D21359D-E045-4654-8DEA-ABC185E43773}.Release|Any CPU.ActiveCfg = Release|Any CPU
		{5D21359D-E045-4654-8DEA-ABC185E43773}.Release|Any CPU.Build.0 = Release|Any CPU
		{5D21359D-E045-4654-8DEA-ABC185E43773}.Release|x64.ActiveCfg = Release|Any CPU
		{5D21359D-E045-4654-8DEA-ABC185E43773}.Release|x64.Build.0 = Release|Any CPU
		{5D21359D-E045-4654-8DEA-ABC185E43773}.Release|x86.ActiveCfg = Release|Any CPU
		{5D21359D-E045-4654-8DEA-ABC185E43773}.Release|x86.Build.0 = Release|Any CPU
		{4D07186C-D3B1-4EDE-869D-BDFF92CA04A6}.Debug|Any CPU.ActiveCfg = Debug|Any CPU
		{4D07186C-D3B1-4EDE-869D-BDFF92CA04A6}.Debug|Any CPU.Build.0 = Debug|Any CPU
		{4D07186C-D3B1-4EDE-869D-BDFF92CA04A6}.Debug|x64.ActiveCfg = Debug|Any CPU
		{4D07186C-D3B1-4EDE-869D-BDFF92CA04A6}.Debug|x64.Build.0 = Debug|Any CPU
		{4D07186C-D3B1-4EDE-869D-BDFF92CA04A6}.Debug|x86.ActiveCfg = Debug|Any CPU
		{4D07186C-D3B1-4EDE-869D-BDFF92CA04A6}.Debug|x86.Build.0 = Debug|Any CPU
		{4D07186C-D3B1-4EDE-869D-BDFF92CA04A6}.Release|Any CPU.ActiveCfg = Release|Any CPU
		{4D07186C-D3B1-4EDE-869D-BDFF92CA04A6}.Release|Any CPU.Build.0 = Release|Any CPU
		{4D07186C-D3B1-4EDE-869D-BDFF92CA04A6}.Release|x64.ActiveCfg = Release|Any CPU
		{4D07186C-D3B1-4EDE-869D-BDFF92CA04A6}.Release|x64.Build.0 = Release|Any CPU
		{4D07186C-D3B1-4EDE-869D-BDFF92CA04A6}.Release|x86.ActiveCfg = Release|Any CPU
		{4D07186C-D3B1-4EDE-869D-BDFF92CA04A6}.Release|x86.Build.0 = Release|Any CPU
		{B4F52416-5010-4C4F-B5E3-B3ED289C42FE}.Debug|Any CPU.ActiveCfg = Debug|Any CPU
		{B4F52416-5010-4C4F-B5E3-B3ED289C42FE}.Debug|Any CPU.Build.0 = Debug|Any CPU
		{B4F52416-5010-4C4F-B5E3-B3ED289C42FE}.Debug|x64.ActiveCfg = Debug|Any CPU
		{B4F52416-5010-4C4F-B5E3-B3ED289C42FE}.Debug|x64.Build.0 = Debug|Any CPU
		{B4F52416-5010-4C4F-B5E3-B3ED289C42FE}.Debug|x86.ActiveCfg = Debug|Any CPU
		{B4F52416-5010-4C4F-B5E3-B3ED289C42FE}.Debug|x86.Build.0 = Debug|Any CPU
		{B4F52416-5010-4C4F-B5E3-B3ED289C42FE}.Release|Any CPU.ActiveCfg = Release|Any CPU
		{B4F52416-5010-4C4F-B5E3-B3ED289C42FE}.Release|Any CPU.Build.0 = Release|Any CPU
		{B4F52416-5010-4C4F-B5E3-B3ED289C42FE}.Release|x64.ActiveCfg = Release|Any CPU
		{B4F52416-5010-4C4F-B5E3-B3ED289C42FE}.Release|x64.Build.0 = Release|Any CPU
		{B4F52416-5010-4C4F-B5E3-B3ED289C42FE}.Release|x86.ActiveCfg = Release|Any CPU
		{B4F52416-5010-4C4F-B5E3-B3ED289C42FE}.Release|x86.Build.0 = Release|Any CPU
		{2A5E0CD0-7916-42AC-A90C-E42078923EFB}.Debug|Any CPU.ActiveCfg = Debug|Any CPU
		{2A5E0CD0-7916-42AC-A90C-E42078923EFB}.Debug|Any CPU.Build.0 = Debug|Any CPU
		{2A5E0CD0-7916-42AC-A90C-E42078923EFB}.Debug|x64.ActiveCfg = Debug|Any CPU
		{2A5E0CD0-7916-42AC-A90C-E42078923EFB}.Debug|x64.Build.0 = Debug|Any CPU
		{2A5E0CD0-7916-42AC-A90C-E42078923EFB}.Debug|x86.ActiveCfg = Debug|Any CPU
		{2A5E0CD0-7916-42AC-A90C-E42078923EFB}.Debug|x86.Build.0 = Debug|Any CPU
		{2A5E0CD0-7916-42AC-A90C-E42078923EFB}.Release|Any CPU.ActiveCfg = Release|Any CPU
		{2A5E0CD0-7916-42AC-A90C-E42078923EFB}.Release|Any CPU.Build.0 = Release|Any CPU
		{2A5E0CD0-7916-42AC-A90C-E42078923EFB}.Release|x64.ActiveCfg = Release|Any CPU
		{2A5E0CD0-7916-42AC-A90C-E42078923EFB}.Release|x64.Build.0 = Release|Any CPU
		{2A5E0CD0-7916-42AC-A90C-E42078923EFB}.Release|x86.ActiveCfg = Release|Any CPU
		{2A5E0CD0-7916-42AC-A90C-E42078923EFB}.Release|x86.Build.0 = Release|Any CPU
		{3476C21B-C59C-48E5-BDF4-8E5E0401FC88}.Debug|Any CPU.ActiveCfg = Debug|Any CPU
		{3476C21B-C59C-48E5-BDF4-8E5E0401FC88}.Debug|Any CPU.Build.0 = Debug|Any CPU
		{3476C21B-C59C-48E5-BDF4-8E5E0401FC88}.Debug|x64.ActiveCfg = Debug|Any CPU
		{3476C21B-C59C-48E5-BDF4-8E5E0401FC88}.Debug|x64.Build.0 = Debug|Any CPU
		{3476C21B-C59C-48E5-BDF4-8E5E0401FC88}.Debug|x86.ActiveCfg = Debug|Any CPU
		{3476C21B-C59C-48E5-BDF4-8E5E0401FC88}.Debug|x86.Build.0 = Debug|Any CPU
		{3476C21B-C59C-48E5-BDF4-8E5E0401FC88}.Release|Any CPU.ActiveCfg = Release|Any CPU
		{3476C21B-C59C-48E5-BDF4-8E5E0401FC88}.Release|Any CPU.Build.0 = Release|Any CPU
		{3476C21B-C59C-48E5-BDF4-8E5E0401FC88}.Release|x64.ActiveCfg = Release|Any CPU
		{3476C21B-C59C-48E5-BDF4-8E5E0401FC88}.Release|x64.Build.0 = Release|Any CPU
		{3476C21B-C59C-48E5-BDF4-8E5E0401FC88}.Release|x86.ActiveCfg = Release|Any CPU
		{3476C21B-C59C-48E5-BDF4-8E5E0401FC88}.Release|x86.Build.0 = Release|Any CPU
		{8F8D6F06-CA13-4696-AA4F-302540C4F7F9}.Debug|Any CPU.ActiveCfg = Debug|Any CPU
		{8F8D6F06-CA13-4696-AA4F-302540C4F7F9}.Debug|Any CPU.Build.0 = Debug|Any CPU
		{8F8D6F06-CA13-4696-AA4F-302540C4F7F9}.Debug|x64.ActiveCfg = Debug|Any CPU
		{8F8D6F06-CA13-4696-AA4F-302540C4F7F9}.Debug|x64.Build.0 = Debug|Any CPU
		{8F8D6F06-CA13-4696-AA4F-302540C4F7F9}.Debug|x86.ActiveCfg = Debug|Any CPU
		{8F8D6F06-CA13-4696-AA4F-302540C4F7F9}.Debug|x86.Build.0 = Debug|Any CPU
		{8F8D6F06-CA13-4696-AA4F-302540C4F7F9}.Release|Any CPU.ActiveCfg = Release|Any CPU
		{8F8D6F06-CA13-4696-AA4F-302540C4F7F9}.Release|Any CPU.Build.0 = Release|Any CPU
		{8F8D6F06-CA13-4696-AA4F-302540C4F7F9}.Release|x64.ActiveCfg = Release|Any CPU
		{8F8D6F06-CA13-4696-AA4F-302540C4F7F9}.Release|x64.Build.0 = Release|Any CPU
		{8F8D6F06-CA13-4696-AA4F-302540C4F7F9}.Release|x86.ActiveCfg = Release|Any CPU
		{8F8D6F06-CA13-4696-AA4F-302540C4F7F9}.Release|x86.Build.0 = Release|Any CPU
		{F18371AB-EF74-459A-89C5-27AD3FE5140A}.Debug|Any CPU.ActiveCfg = Debug|Any CPU
		{F18371AB-EF74-459A-89C5-27AD3FE5140A}.Debug|Any CPU.Build.0 = Debug|Any CPU
		{F18371AB-EF74-459A-89C5-27AD3FE5140A}.Debug|x64.ActiveCfg = Debug|Any CPU
		{F18371AB-EF74-459A-89C5-27AD3FE5140A}.Debug|x64.Build.0 = Debug|Any CPU
		{F18371AB-EF74-459A-89C5-27AD3FE5140A}.Debug|x86.ActiveCfg = Debug|Any CPU
		{F18371AB-EF74-459A-89C5-27AD3FE5140A}.Debug|x86.Build.0 = Debug|Any CPU
		{F18371AB-EF74-459A-89C5-27AD3FE5140A}.Release|Any CPU.ActiveCfg = Release|Any CPU
		{F18371AB-EF74-459A-89C5-27AD3FE5140A}.Release|Any CPU.Build.0 = Release|Any CPU
		{F18371AB-EF74-459A-89C5-27AD3FE5140A}.Release|x64.ActiveCfg = Release|Any CPU
		{F18371AB-EF74-459A-89C5-27AD3FE5140A}.Release|x64.Build.0 = Release|Any CPU
		{F18371AB-EF74-459A-89C5-27AD3FE5140A}.Release|x86.ActiveCfg = Release|Any CPU
		{F18371AB-EF74-459A-89C5-27AD3FE5140A}.Release|x86.Build.0 = Release|Any CPU
		{DFD8A6C8-FA02-45EE-B2CC-7D2A1CF36C85}.Debug|Any CPU.ActiveCfg = Debug|Any CPU
		{DFD8A6C8-FA02-45EE-B2CC-7D2A1CF36C85}.Debug|Any CPU.Build.0 = Debug|Any CPU
		{DFD8A6C8-FA02-45EE-B2CC-7D2A1CF36C85}.Debug|x64.ActiveCfg = Debug|Any CPU
		{DFD8A6C8-FA02-45EE-B2CC-7D2A1CF36C85}.Debug|x64.Build.0 = Debug|Any CPU
		{DFD8A6C8-FA02-45EE-B2CC-7D2A1CF36C85}.Debug|x86.ActiveCfg = Debug|Any CPU
		{DFD8A6C8-FA02-45EE-B2CC-7D2A1CF36C85}.Debug|x86.Build.0 = Debug|Any CPU
		{DFD8A6C8-FA02-45EE-B2CC-7D2A1CF36C85}.Release|Any CPU.ActiveCfg = Release|Any CPU
		{DFD8A6C8-FA02-45EE-B2CC-7D2A1CF36C85}.Release|Any CPU.Build.0 = Release|Any CPU
		{DFD8A6C8-FA02-45EE-B2CC-7D2A1CF36C85}.Release|x64.ActiveCfg = Release|Any CPU
		{DFD8A6C8-FA02-45EE-B2CC-7D2A1CF36C85}.Release|x64.Build.0 = Release|Any CPU
		{DFD8A6C8-FA02-45EE-B2CC-7D2A1CF36C85}.Release|x86.ActiveCfg = Release|Any CPU
		{DFD8A6C8-FA02-45EE-B2CC-7D2A1CF36C85}.Release|x86.Build.0 = Release|Any CPU
		{F1CFED02-48CE-41AD-852D-E16D0A284531}.Debug|Any CPU.ActiveCfg = Debug|Any CPU
		{F1CFED02-48CE-41AD-852D-E16D0A284531}.Debug|Any CPU.Build.0 = Debug|Any CPU
		{F1CFED02-48CE-41AD-852D-E16D0A284531}.Debug|x64.ActiveCfg = Debug|Any CPU
		{F1CFED02-48CE-41AD-852D-E16D0A284531}.Debug|x64.Build.0 = Debug|Any CPU
		{F1CFED02-48CE-41AD-852D-E16D0A284531}.Debug|x86.ActiveCfg = Debug|Any CPU
		{F1CFED02-48CE-41AD-852D-E16D0A284531}.Debug|x86.Build.0 = Debug|Any CPU
		{F1CFED02-48CE-41AD-852D-E16D0A284531}.Release|Any CPU.ActiveCfg = Release|Any CPU
		{F1CFED02-48CE-41AD-852D-E16D0A284531}.Release|Any CPU.Build.0 = Release|Any CPU
		{F1CFED02-48CE-41AD-852D-E16D0A284531}.Release|x64.ActiveCfg = Release|Any CPU
		{F1CFED02-48CE-41AD-852D-E16D0A284531}.Release|x64.Build.0 = Release|Any CPU
		{F1CFED02-48CE-41AD-852D-E16D0A284531}.Release|x86.ActiveCfg = Release|Any CPU
		{F1CFED02-48CE-41AD-852D-E16D0A284531}.Release|x86.Build.0 = Release|Any CPU
		{23BCD7DD-08BB-4AF9-BABB-C8016E6D78F5}.Debug|Any CPU.ActiveCfg = Debug|Any CPU
		{23BCD7DD-08BB-4AF9-BABB-C8016E6D78F5}.Debug|Any CPU.Build.0 = Debug|Any CPU
		{23BCD7DD-08BB-4AF9-BABB-C8016E6D78F5}.Debug|x64.ActiveCfg = Debug|Any CPU
		{23BCD7DD-08BB-4AF9-BABB-C8016E6D78F5}.Debug|x64.Build.0 = Debug|Any CPU
		{23BCD7DD-08BB-4AF9-BABB-C8016E6D78F5}.Debug|x86.ActiveCfg = Debug|Any CPU
		{23BCD7DD-08BB-4AF9-BABB-C8016E6D78F5}.Debug|x86.Build.0 = Debug|Any CPU
		{23BCD7DD-08BB-4AF9-BABB-C8016E6D78F5}.Release|Any CPU.ActiveCfg = Release|Any CPU
		{23BCD7DD-08BB-4AF9-BABB-C8016E6D78F5}.Release|Any CPU.Build.0 = Release|Any CPU
		{23BCD7DD-08BB-4AF9-BABB-C8016E6D78F5}.Release|x64.ActiveCfg = Release|Any CPU
		{23BCD7DD-08BB-4AF9-BABB-C8016E6D78F5}.Release|x64.Build.0 = Release|Any CPU
		{23BCD7DD-08BB-4AF9-BABB-C8016E6D78F5}.Release|x86.ActiveCfg = Release|Any CPU
		{23BCD7DD-08BB-4AF9-BABB-C8016E6D78F5}.Release|x86.Build.0 = Release|Any CPU
	EndGlobalSection
	GlobalSection(SolutionProperties) = preSolution
		HideSolutionNode = FALSE
	EndGlobalSection
	GlobalSection(NestedProjects) = preSolution
		{5D21359D-E045-4654-8DEA-ABC185E43773} = {827E0CD3-B72D-47B6-A68D-7590B98EB39B}
		{4D07186C-D3B1-4EDE-869D-BDFF92CA04A6} = {827E0CD3-B72D-47B6-A68D-7590B98EB39B}
		{B4F52416-5010-4C4F-B5E3-B3ED289C42FE} = {827E0CD3-B72D-47B6-A68D-7590B98EB39B}
		{2A5E0CD0-7916-42AC-A90C-E42078923EFB} = {0AB3BF05-4346-4AA6-1389-037BE0695223}
		{3476C21B-C59C-48E5-BDF4-8E5E0401FC88} = {0AB3BF05-4346-4AA6-1389-037BE0695223}
		{8F8D6F06-CA13-4696-AA4F-302540C4F7F9} = {0AB3BF05-4346-4AA6-1389-037BE0695223}
		{F18371AB-EF74-459A-89C5-27AD3FE5140A} = {0AB3BF05-4346-4AA6-1389-037BE0695223}
		{DFD8A6C8-FA02-45EE-B2CC-7D2A1CF36C85} = {0AB3BF05-4346-4AA6-1389-037BE0695223}
		{F1CFED02-48CE-41AD-852D-E16D0A284531} = {827E0CD3-B72D-47B6-A68D-7590B98EB39B}
		{23BCD7DD-08BB-4AF9-BABB-C8016E6D78F5} = {0AB3BF05-4346-4AA6-1389-037BE0695223}
	EndGlobalSection
EndGlobal
